
Microsoft Visual Studio Solution File, Format Version 12.00
# Visual Studio Version 17
VisualStudioVersion = 17.5.33530.505
MinimumVisualStudioVersion = 10.0.40219.1
Project("{FAE04EC0-301F-11D3-BF4B-00C04F79EFBC}") = "GP 1 Case 2", "GP 1 Case 2\GP 1 Case 2.csproj", "{50FAC4E5-E99A-452B-9326-1ECD2CD95A60}"
EndProject
Global
	GlobalSection(SolutionConfigurationPlatforms) = preSolution
		Debug|Any CPU = Debug|Any CPU
		Release|Any CPU = Release|Any CPU
	EndGlobalSection
	GlobalSection(ProjectConfigurationPlatforms) = postSolution
		{50FAC4E5-E99A-452B-9326-1ECD2CD95A60}.Debug|Any CPU.ActiveCfg = Debug|Any CPU
		{50FAC4E5-E99A-452B-9326-1ECD2CD95A60}.Debug|Any CPU.Build.0 = Debug|Any CPU
		{50FAC4E5-E99A-452B-9326-1ECD2CD95A60}.Release|Any CPU.ActiveCfg = Release|Any CPU
		{50FAC4E5-E99A-452B-9326-1ECD2CD95A60}.Release|Any CPU.Build.0 = Release|Any CPU
	EndGlobalSection
	GlobalSection(SolutionProperties) = preSolution
		HideSolutionNode = FALSE
	EndGlobalSection
	GlobalSection(ExtensibilityGlobals) = postSolution
		SolutionGuid = {46A2D1CF-2FED-4932-9716-CCCA343E654C}
	EndGlobalSection
EndGlobal
